
Microsoft Visual Studio Solution File, Format Version 12.00
# Visual Studio Version 17
VisualStudioVersion = 17.11.35303.130
MinimumVisualStudioVersion = 10.0.40219.1
Project("{FAE04EC0-301F-11D3-BF4B-00C04F79EFBC}") = "To Do List", "To Do List\To Do List.csproj", "{6BB4DEB4-0716-4BA9-BF54-3D89FE7EAE08}"
EndProject
Global
	GlobalSection(SolutionConfigurationPlatforms) = preSolution
		Debug|Any CPU = Debug|Any CPU
		Release|Any CPU = Release|Any CPU
	EndGlobalSection
	GlobalSection(ProjectConfigurationPlatforms) = postSolution
		{6BB4DEB4-0716-4BA9-BF54-3D89FE7EAE08}.Debug|Any CPU.ActiveCfg = Debug|Any CPU
		{6BB4DEB4-0716-4BA9-BF54-3D89FE7EAE08}.Debug|Any CPU.Build.0 = Debug|Any CPU
		{6BB4DEB4-0716-4BA9-BF54-3D89FE7EAE08}.Debug|Any CPU.Deploy.0 = Debug|Any CPU
		{6BB4DEB4-0716-4BA9-BF54-3D89FE7EAE08}.Release|Any CPU.ActiveCfg = Release|Any CPU
		{6BB4DEB4-0716-4BA9-BF54-3D89FE7EAE08}.Release|Any CPU.Build.0 = Release|Any CPU
		{6BB4DEB4-0716-4BA9-BF54-3D89FE7EAE08}.Release|Any CPU.Deploy.0 = Release|Any CPU
	EndGlobalSection
	GlobalSection(SolutionProperties) = preSolution
		HideSolutionNode = FALSE
	EndGlobalSection
	GlobalSection(ExtensibilityGlobals) = postSolution
		SolutionGuid = {523986F9-8E58-4601-BCBA-FE97AA06D14D}
	EndGlobalSection
EndGlobal
